
Microsoft Visual Studio Solution File, Format Version 12.00
# Visual Studio Version 17
VisualStudioVersion = 17.11.35312.102
MinimumVisualStudioVersion = 10.0.40219.1
Project("{9A19103F-16F7-4668-BE54-9A1E7A4F7556}") = "SupermarketProject", "SupermarketProject\SupermarketProject.csproj", "{A28D0E9D-E26E-4111-AF52-DE86770C3FEB}"
EndProject
Project("{9A19103F-16F7-4668-BE54-9A1E7A4F7556}") = "ShoppingCartApp", "ShoppingCartApp\ShoppingCartApp\ShoppingCartApp\ShoppingCartApp.csproj", "{391D6D7E-CF3C-48B8-B25F-60EA4A351CB4}"
EndProject
Global
	GlobalSection(SolutionConfigurationPlatforms) = preSolution
		Debug|Any CPU = Debug|Any CPU
		Release|Any CPU = Release|Any CPU
	EndGlobalSection
	GlobalSection(ProjectConfigurationPlatforms) = postSolution
		{A28D0E9D-E26E-4111-AF52-DE86770C3FEB}.Debug|Any CPU.ActiveCfg = Debug|Any CPU
		{A28D0E9D-E26E-4111-AF52-DE86770C3FEB}.Debug|Any CPU.Build.0 = Debug|Any CPU
		{A28D0E9D-E26E-4111-AF52-DE86770C3FEB}.Release|Any CPU.ActiveCfg = Release|Any CPU
		{A28D0E9D-E26E-4111-AF52-DE86770C3FEB}.Release|Any CPU.Build.0 = Release|Any CPU
		{391D6D7E-CF3C-48B8-B25F-60EA4A351CB4}.Debug|Any CPU.ActiveCfg = Debug|Any CPU
		{391D6D7E-CF3C-48B8-B25F-60EA4A351CB4}.Debug|Any CPU.Build.0 = Debug|Any CPU
		{391D6D7E-CF3C-48B8-B25F-60EA4A351CB4}.Debug|Any CPU.Deploy.0 = Debug|Any CPU
		{391D6D7E-CF3C-48B8-B25F-60EA4A351CB4}.Release|Any CPU.ActiveCfg = Release|Any CPU
		{391D6D7E-CF3C-48B8-B25F-60EA4A351CB4}.Release|Any CPU.Build.0 = Release|Any CPU
		{391D6D7E-CF3C-48B8-B25F-60EA4A351CB4}.Release|Any CPU.Deploy.0 = Release|Any CPU
	EndGlobalSection
	GlobalSection(SolutionProperties) = preSolution
		HideSolutionNode = FALSE
	EndGlobalSection
	GlobalSection(ExtensibilityGlobals) = postSolution
		SolutionGuid = {E932E267-5BED-4FEE-A81F-46D99B1F7CBF}
	EndGlobalSection
EndGlobal
